
Microsoft Visual Studio Solution File, Format Version 12.00
# Visual Studio 15
VisualStudioVersion = 15.0.28307.271
MinimumVisualStudioVersion = 10.0.40219.1
Project("{FAE04EC0-301F-11D3-BF4B-00C04F79EFBC}") = "WindowsFormsApp1", "WindowsFormsApp1\WindowsFormsApp1.csproj", "{C20C8AFB-6F32-4715-8EDE-F9742CD415ED}"
EndProject
Global
	GlobalSection(SolutionConfigurationPlatforms) = preSolution
		Debug|Any CPU = Debug|Any CPU
		Release|Any CPU = Release|Any CPU
	EndGlobalSection
	GlobalSection(ProjectConfigurationPlatforms) = postSolution
		{C20C8AFB-6F32-4715-8EDE-F9742CD415ED}.Debug|Any CPU.ActiveCfg = Debug|Any CPU
		{C20C8AFB-6F32-4715-8EDE-F9742CD415ED}.Debug|Any CPU.Build.0 = Debug|Any CPU
		{C20C8AFB-6F32-4715-8EDE-F9742CD415ED}.Release|Any CPU.ActiveCfg = Release|Any CPU
		{C20C8AFB-6F32-4715-8EDE-F9742CD415ED}.Release|Any CPU.Build.0 = Release|Any CPU
	EndGlobalSection
	GlobalSection(SolutionProperties) = preSolution
		HideSolutionNode = FALSE
	EndGlobalSection
	GlobalSection(ExtensibilityGlobals) = postSolution
		SolutionGuid = {6A1706DF-7F4C-4000-B985-922BEAF1D969}
	EndGlobalSection
EndGlobal
